
Microsoft Visual Studio Solution File, Format Version 12.00
# Visual Studio Version 17
VisualStudioVersion = 17.1.32210.238
MinimumVisualStudioVersion = 10.0.40219.1
Project("{FAE04EC0-301F-11D3-BF4B-00C04F79EFBC}") = "Login", "Login\Login.csproj", "{408CF270-F60F-4E0B-A468-A0187C34A0D0}"
EndProject
Project("{FAE04EC0-301F-11D3-BF4B-00C04F79EFBC}") = "ForgotPassword", "ForgotPassword\ForgotPassword.csproj", "{034E4884-C46A-4C56-B711-E11649389972}"
EndProject
Project("{FAE04EC0-301F-11D3-BF4B-00C04F79EFBC}") = "ForgotPassword2", "ForgotPassword2\ForgotPassword2.csproj", "{5DE217E0-DB5A-4B90-AB39-2FF378591F5C}"
EndProject
Project("{FAE04EC0-301F-11D3-BF4B-00C04F79EFBC}") = "CreateNewPassword", "CreateNewPassword\CreateNewPassword.csproj", "{22272EB0-FF68-4F43-82BC-04E9F68D6E27}"
EndProject
Project("{FAE04EC0-301F-11D3-BF4B-00C04F79EFBC}") = "DashBoard", "DashBoard\DashBoard.csproj", "{B8D2FC48-1A4F-4652-A7D9-99A435753E82}"
EndProject
Global
	GlobalSection(SolutionConfigurationPlatforms) = preSolution
		Debug|Any CPU = Debug|Any CPU
		Release|Any CPU = Release|Any CPU
	EndGlobalSection
	GlobalSection(ProjectConfigurationPlatforms) = postSolution
		{408CF270-F60F-4E0B-A468-A0187C34A0D0}.Debug|Any CPU.ActiveCfg = Debug|Any CPU
		{408CF270-F60F-4E0B-A468-A0187C34A0D0}.Debug|Any CPU.Build.0 = Debug|Any CPU
		{408CF270-F60F-4E0B-A468-A0187C34A0D0}.Release|Any CPU.ActiveCfg = Release|Any CPU
		{408CF270-F60F-4E0B-A468-A0187C34A0D0}.Release|Any CPU.Build.0 = Release|Any CPU
		{034E4884-C46A-4C56-B711-E11649389972}.Debug|Any CPU.ActiveCfg = Debug|Any CPU
		{034E4884-C46A-4C56-B711-E11649389972}.Debug|Any CPU.Build.0 = Debug|Any CPU
		{034E4884-C46A-4C56-B711-E11649389972}.Release|Any CPU.ActiveCfg = Release|Any CPU
		{034E4884-C46A-4C56-B711-E11649389972}.Release|Any CPU.Build.0 = Release|Any CPU
		{5DE217E0-DB5A-4B90-AB39-2FF378591F5C}.Debug|Any CPU.ActiveCfg = Debug|Any CPU
		{5DE217E0-DB5A-4B90-AB39-2FF378591F5C}.Debug|Any CPU.Build.0 = Debug|Any CPU
		{5DE217E0-DB5A-4B90-AB39-2FF378591F5C}.Release|Any CPU.ActiveCfg = Release|Any CPU
		{5DE217E0-DB5A-4B90-AB39-2FF378591F5C}.Release|Any CPU.Build.0 = Release|Any CPU
		{22272EB0-FF68-4F43-82BC-04E9F68D6E27}.Debug|Any CPU.ActiveCfg = Debug|Any CPU
		{22272EB0-FF68-4F43-82BC-04E9F68D6E27}.Debug|Any CPU.Build.0 = Debug|Any CPU
		{22272EB0-FF68-4F43-82BC-04E9F68D6E27}.Release|Any CPU.ActiveCfg = Release|Any CPU
		{22272EB0-FF68-4F43-82BC-04E9F68D6E27}.Release|Any CPU.Build.0 = Release|Any CPU
		{B8D2FC48-1A4F-4652-A7D9-99A435753E82}.Debug|Any CPU.ActiveCfg = Debug|Any CPU
		{B8D2FC48-1A4F-4652-A7D9-99A435753E82}.Debug|Any CPU.Build.0 = Debug|Any CPU
		{B8D2FC48-1A4F-4652-A7D9-99A435753E82}.Release|Any CPU.ActiveCfg = Release|Any CPU
		{B8D2FC48-1A4F-4652-A7D9-99A435753E82}.Release|Any CPU.Build.0 = Release|Any CPU
	EndGlobalSection
	GlobalSection(SolutionProperties) = preSolution
		HideSolutionNode = FALSE
	EndGlobalSection
	GlobalSection(ExtensibilityGlobals) = postSolution
		SolutionGuid = {22A67830-68DD-4890-AF51-39B45C001162}
	EndGlobalSection
EndGlobal
